// !$*UTF8*$!
{
	archiveVersion = 1;
	classes = {
	};
	objectVersion = 55;
	objects = {

/* Begin PBXBuildFile section */
		17108F552845DAF300C4B03B /* GoogleService-Info.plist in Resources */ = {isa = PBXBuildFile; fileRef = 17108F542845DAF300C4B03B /* GoogleService-Info.plist */; };
		1713899A2849BE53003A6EF0 /* HomeViewController.swift in Sources */ = {isa = PBXBuildFile; fileRef = 171389992849BE53003A6EF0 /* HomeViewController.swift */; };
		176459EA283E4EB400EE45BA /* AppDelegate.swift in Sources */ = {isa = PBXBuildFile; fileRef = 176459E9283E4EB400EE45BA /* AppDelegate.swift */; };
		176459EC283E4EB400EE45BA /* SceneDelegate.swift in Sources */ = {isa = PBXBuildFile; fileRef = 176459EB283E4EB400EE45BA /* SceneDelegate.swift */; };
		176459EE283E4EB400EE45BA /* ViewController.swift in Sources */ = {isa = PBXBuildFile; fileRef = 176459ED283E4EB400EE45BA /* ViewController.swift */; };
		176459F1283E4EB400EE45BA /* Main.storyboard in Resources */ = {isa = PBXBuildFile; fileRef = 176459EF283E4EB400EE45BA /* Main.storyboard */; };
		176459F3283E4EB800EE45BA /* Assets.xcassets in Resources */ = {isa = PBXBuildFile; fileRef = 176459F2283E4EB800EE45BA /* Assets.xcassets */; };
		176459F6283E4EB800EE45BA /* LaunchScreen.storyboard in Resources */ = {isa = PBXBuildFile; fileRef = 176459F4283E4EB800EE45BA /* LaunchScreen.storyboard */; };
		176459FE283E642900EE45BA /* BGButton.swift in Sources */ = {isa = PBXBuildFile; fileRef = 176459FD283E642900EE45BA /* BGButton.swift */; };
		17645A04283E6EE300EE45BA /* LoginViewController.swift in Sources */ = {isa = PBXBuildFile; fileRef = 17645A03283E6EE200EE45BA /* LoginViewController.swift */; };
		17645A06283E6F4D00EE45BA /* CreateAccountViewController.swift in Sources */ = {isa = PBXBuildFile; fileRef = 17645A05283E6F4D00EE45BA /* CreateAccountViewController.swift */; };
		17C7E1B6284C905600053F4B /* PostTableViewCell.swift in Sources */ = {isa = PBXBuildFile; fileRef = 17C7E1B4284C905600053F4B /* PostTableViewCell.swift */; };
		17C7E1B7284C905600053F4B /* PostTableViewCell.xib in Resources */ = {isa = PBXBuildFile; fileRef = 17C7E1B5284C905600053F4B /* PostTableViewCell.xib */; };
		17D119D628434EF7004D9147 /* UIColor-Extension.swift in Sources */ = {isa = PBXBuildFile; fileRef = 17D119D528434EF7004D9147 /* UIColor-Extension.swift */; };
		17D9B56F284A0BB400A6F266 /* PostViewController.swift in Sources */ = {isa = PBXBuildFile; fileRef = 17D9B56E284A0BB400A6F266 /* PostViewController.swift */; };
		17FA4B282847689E005E8CF7 /* FirebaseAuth in Frameworks */ = {isa = PBXBuildFile; productRef = 17FA4B272847689E005E8CF7 /* FirebaseAuth */; };
		17FA4B2A2847689E005E8CF7 /* FirebaseFirestore in Frameworks */ = {isa = PBXBuildFile; productRef = 17FA4B292847689E005E8CF7 /* FirebaseFirestore */; };
		17FA4B2D28476D3D005E8CF7 /* PKHUD in Frameworks */ = {isa = PBXBuildFile; productRef = 17FA4B2C28476D3D005E8CF7 /* PKHUD */; };
/* End PBXBuildFile section */

/* Begin PBXFileReference section */
		17108F542845DAF300C4B03B /* GoogleService-Info.plist */ = {isa = PBXFileReference; fileEncoding = 4; lastKnownFileType = text.plist.xml; path = "GoogleService-Info.plist"; sourceTree = "<group>"; };
		171389992849BE53003A6EF0 /* HomeViewController.swift */ = {isa = PBXFileReference; lastKnownFileType = sourcecode.swift; path = HomeViewController.swift; sourceTree = "<group>"; };
		176459E6283E4EB400EE45BA /* lit_original_app.app */ = {isa = PBXFileReference; explicitFileType = wrapper.application; includeInIndex = 0; path = lit_original_app.app; sourceTree = BUILT_PRODUCTS_DIR; };
		176459E9283E4EB400EE45BA /* AppDelegate.swift */ = {isa = PBXFileReference; lastKnownFileType = sourcecode.swift; path = AppDelegate.swift; sourceTree = "<group>"; };
		176459EB283E4EB400EE45BA /* SceneDelegate.swift */ = {isa = PBXFileReference; lastKnownFileType = sourcecode.swift; path = SceneDelegate.swift; sourceTree = "<group>"; };
		176459ED283E4EB400EE45BA /* ViewController.swift */ = {isa = PBXFileReference; lastKnownFileType = sourcecode.swift; path = ViewController.swift; sourceTree = "<group>"; };
		176459F0283E4EB400EE45BA /* Base */ = {isa = PBXFileReference; lastKnownFileType = file.storyboard; name = Base; path = Base.lproj/Main.storyboard; sourceTree = "<group>"; };
		176459F2283E4EB800EE45BA /* Assets.xcassets */ = {isa = PBXFileReference; lastKnownFileType = folder.assetcatalog; path = Assets.xcassets; sourceTree = "<group>"; };
		176459F5283E4EB800EE45BA /* Base */ = {isa = PBXFileReference; lastKnownFileType = file.storyboard; name = Base; path = Base.lproj/LaunchScreen.storyboard; sourceTree = "<group>"; };
		176459F7283E4EB800EE45BA /* Info.plist */ = {isa = PBXFileReference; lastKnownFileType = text.plist.xml; path = Info.plist; sourceTree = "<group>"; };
		176459FD283E642900EE45BA /* BGButton.swift */ = {isa = PBXFileReference; lastKnownFileType = sourcecode.swift; path = BGButton.swift; sourceTree = "<group>"; };
		17645A03283E6EE200EE45BA /* LoginViewController.swift */ = {isa = PBXFileReference; lastKnownFileType = sourcecode.swift; path = LoginViewController.swift; sourceTree = "<group>"; };
		17645A05283E6F4D00EE45BA /* CreateAccountViewController.swift */ = {isa = PBXFileReference; lastKnownFileType = sourcecode.swift; path = CreateAccountViewController.swift; sourceTree = "<group>"; };
		17C7E1B4284C905600053F4B /* PostTableViewCell.swift */ = {isa = PBXFileReference; lastKnownFileType = sourcecode.swift; path = PostTableViewCell.swift; sourceTree = "<group>"; };
		17C7E1B5284C905600053F4B /* PostTableViewCell.xib */ = {isa = PBXFileReference; lastKnownFileType = file.xib; path = PostTableViewCell.xib; sourceTree = "<group>"; };
		17D119D528434EF7004D9147 /* UIColor-Extension.swift */ = {isa = PBXFileReference; lastKnownFileType = sourcecode.swift; path = "UIColor-Extension.swift"; sourceTree = "<group>"; };
		17D9B56E284A0BB400A6F266 /* PostViewController.swift */ = {isa = PBXFileReference; lastKnownFileType = sourcecode.swift; path = PostViewController.swift; sourceTree = "<group>"; };
/* End PBXFileReference section */

/* Begin PBXFrameworksBuildPhase section */
		176459E3283E4EB400EE45BA /* Frameworks */ = {
			isa = PBXFrameworksBuildPhase;
			buildActionMask = 2147483647;
			files = (
				17FA4B2D28476D3D005E8CF7 /* PKHUD in Frameworks */,
				17FA4B282847689E005E8CF7 /* FirebaseAuth in Frameworks */,
				17FA4B2A2847689E005E8CF7 /* FirebaseFirestore in Frameworks */,
			);
			runOnlyForDeploymentPostprocessing = 0;
		};
/* End PBXFrameworksBuildPhase section */

/* Begin PBXGroup section */
		176459DD283E4EB400EE45BA = {
			isa = PBXGroup;
			children = (
				176459E8283E4EB400EE45BA /* lit_original_app */,
				176459E7283E4EB400EE45BA /* Products */,
			);
			sourceTree = "<group>";
		};
		176459E7283E4EB400EE45BA /* Products */ = {
			isa = PBXGroup;
			children = (
				176459E6283E4EB400EE45BA /* lit_original_app.app */,
			);
			name = Products;
			sourceTree = "<group>";
		};
		176459E8283E4EB400EE45BA /* lit_original_app */ = {
			isa = PBXGroup;
			children = (
				176459FD283E642900EE45BA /* BGButton.swift */,
				176459E9283E4EB400EE45BA /* AppDelegate.swift */,
				176459EB283E4EB400EE45BA /* SceneDelegate.swift */,
				176459ED283E4EB400EE45BA /* ViewController.swift */,
				176459EF283E4EB400EE45BA /* Main.storyboard */,
				176459F2283E4EB800EE45BA /* Assets.xcassets */,
				176459F4283E4EB800EE45BA /* LaunchScreen.storyboard */,
				176459F7283E4EB800EE45BA /* Info.plist */,
				17645A03283E6EE200EE45BA /* LoginViewController.swift */,
				17645A05283E6F4D00EE45BA /* CreateAccountViewController.swift */,
				17D119D528434EF7004D9147 /* UIColor-Extension.swift */,
				17108F542845DAF300C4B03B /* GoogleService-Info.plist */,
				171389992849BE53003A6EF0 /* HomeViewController.swift */,
				17D9B56E284A0BB400A6F266 /* PostViewController.swift */,
				17C7E1B4284C905600053F4B /* PostTableViewCell.swift */,
				17C7E1B5284C905600053F4B /* PostTableViewCell.xib */,
			);
			path = lit_original_app;
			sourceTree = "<group>";
		};
/* End PBXGroup section */

/* Begin PBXNativeTarget section */
		176459E5283E4EB400EE45BA /* lit_original_app */ = {
			isa = PBXNativeTarget;
			buildConfigurationList = 176459FA283E4EB800EE45BA /* Build configuration list for PBXNativeTarget "lit_original_app" */;
			buildPhases = (
				176459E2283E4EB400EE45BA /* Sources */,
				176459E3283E4EB400EE45BA /* Frameworks */,
				176459E4283E4EB400EE45BA /* Resources */,
			);
			buildRules = (
			);
			dependencies = (
			);
			name = lit_original_app;
			packageProductDependencies = (
				17FA4B272847689E005E8CF7 /* FirebaseAuth */,
				17FA4B292847689E005E8CF7 /* FirebaseFirestore */,
				17FA4B2C28476D3D005E8CF7 /* PKHUD */,
			);
			productName = lit_original_app;
			productReference = 176459E6283E4EB400EE45BA /* lit_original_app.app */;
			productType = "com.apple.product-type.application";
		};
/* End PBXNativeTarget section */

/* Begin PBXProject section */
		176459DE283E4EB400EE45BA /* Project object */ = {
			isa = PBXProject;
			attributes = {
				BuildIndependentTargetsInParallel = 1;
				LastSwiftUpdateCheck = 1340;
				LastUpgradeCheck = 1340;
				TargetAttributes = {
					176459E5283E4EB400EE45BA = {
						CreatedOnToolsVersion = 13.4;
					};
				};
			};
			buildConfigurationList = 176459E1283E4EB400EE45BA /* Build configuration list for PBXProject "lit_original_app" */;
			compatibilityVersion = "Xcode 13.0";
			developmentRegion = en;
			hasScannedForEncodings = 0;
			knownRegions = (
				en,
				Base,
			);
			mainGroup = 176459DD283E4EB400EE45BA;
			packageReferences = (
				17FA4B262847689E005E8CF7 /* XCRemoteSwiftPackageReference "firebase-ios-sdk" */,
				17FA4B2B28476D3D005E8CF7 /* XCRemoteSwiftPackageReference "PKHUD" */,
			);
			productRefGroup = 176459E7283E4EB400EE45BA /* Products */;
			projectDirPath = "";
			projectRoot = "";
			targets = (
				176459E5283E4EB400EE45BA /* lit_original_app */,
			);
		};
/* End PBXProject section */

/* Begin PBXResourcesBuildPhase section */
		176459E4283E4EB400EE45BA /* Resources */ = {
			isa = PBXResourcesBuildPhase;
			buildActionMask = 2147483647;
			files = (
				176459F6283E4EB800EE45BA /* LaunchScreen.storyboard in Resources */,
				17C7E1B7284C905600053F4B /* PostTableViewCell.xib in Resources */,
				17108F552845DAF300C4B03B /* GoogleService-Info.plist in Resources */,
				176459F3283E4EB800EE45BA /* Assets.xcassets in Resources */,
				176459F1283E4EB400EE45BA /* Main.storyboard in Resources */,
			);
			runOnlyForDeploymentPostprocessing = 0;
		};
/* End PBXResourcesBuildPhase section */

/* Begin PBXSourcesBuildPhase section */
		176459E2283E4EB400EE45BA /* Sources */ = {
			isa = PBXSourcesBuildPhase;
			buildActionMask = 2147483647;
			files = (
				17D9B56F284A0BB400A6F266 /* PostViewController.swift in Sources */,
				17645A06283E6F4D00EE45BA /* CreateAccountViewController.swift in Sources */,
				176459EE283E4EB400EE45BA /* ViewController.swift in Sources */,
				176459EA283E4EB400EE45BA /* AppDelegate.swift in Sources */,
				1713899A2849BE53003A6EF0 /* HomeViewController.swift in Sources */,
				176459FE283E642900EE45BA /* BGButton.swift in Sources */,
				17645A04283E6EE300EE45BA /* LoginViewController.swift in Sources */,
				17C7E1B6284C905600053F4B /* PostTableViewCell.swift in Sources */,
				17D119D628434EF7004D9147 /* UIColor-Extension.swift in Sources */,
				176459EC283E4EB400EE45BA /* SceneDelegate.swift in Sources */,
			);
			runOnlyForDeploymentPostprocessing = 0;
		};
/* End PBXSourcesBuildPhase section */

/* Begin PBXVariantGroup section */
		176459EF283E4EB400EE45BA /* Main.storyboard */ = {
			isa = PBXVariantGroup;
			children = (
				176459F0283E4EB400EE45BA /* Base */,
			);
			name = Main.storyboard;
			sourceTree = "<group>";
		};
		176459F4283E4EB800EE45BA /* LaunchScreen.storyboard */ = {
			isa = PBXVariantGroup;
			children = (
				176459F5283E4EB800EE45BA /* Base */,
			);
			name = LaunchScreen.storyboard;
			sourceTree = "<group>";
		};
/* End PBXVariantGroup section */

/* Begin XCBuildConfiguration section */
		176459F8283E4EB800EE45BA /* Debug */ = {
			isa = XCBuildConfiguration;
			buildSettings = {
				ALWAYS_SEARCH_USER_PATHS = NO;
				CLANG_ANALYZER_NONNULL = YES;
				CLANG_ANALYZER_NUMBER_OBJECT_CONVERSION = YES_AGGRESSIVE;
				CLANG_CXX_LANGUAGE_STANDARD = "gnu++17";
				CLANG_ENABLE_MODULES = YES;
				CLANG_ENABLE_OBJC_ARC = YES;
				CLANG_ENABLE_OBJC_WEAK = YES;
				CLANG_WARN_BLOCK_CAPTURE_AUTORELEASING = YES;
				CLANG_WARN_BOOL_CONVERSION = YES;
				CLANG_WARN_COMMA = YES;
				CLANG_WARN_CONSTANT_CONVERSION = YES;
				CLANG_WARN_DEPRECATED_OBJC_IMPLEMENTATIONS = YES;
				CLANG_WARN_DIRECT_OBJC_ISA_USAGE = YES_ERROR;
				CLANG_WARN_DOCUMENTATION_COMMENTS = YES;
				CLANG_WARN_EMPTY_BODY = YES;
				CLANG_WARN_ENUM_CONVERSION = YES;
				CLANG_WARN_INFINITE_RECURSION = YES;
				CLANG_WARN_INT_CONVERSION = YES;
				CLANG_WARN_NON_LITERAL_NULL_CONVERSION = YES;
				CLANG_WARN_OBJC_IMPLICIT_RETAIN_SELF = YES;
				CLANG_WARN_OBJC_LITERAL_CONVERSION = YES;
				CLANG_WARN_OBJC_ROOT_CLASS = YES_ERROR;
				CLANG_WARN_QUOTED_INCLUDE_IN_FRAMEWORK_HEADER = YES;
				CLANG_WARN_RANGE_LOOP_ANALYSIS = YES;
				CLANG_WARN_STRICT_PROTOTYPES = YES;
				CLANG_WARN_SUSPICIOUS_MOVE = YES;
				CLANG_WARN_UNGUARDED_AVAILABILITY = YES_AGGRESSIVE;
				CLANG_WARN_UNREACHABLE_CODE = YES;
				CLANG_WARN__DUPLICATE_METHOD_MATCH = YES;
				COPY_PHASE_STRIP = NO;
				DEBUG_INFORMATION_FORMAT = dwarf;
				ENABLE_STRICT_OBJC_MSGSEND = YES;
				ENABLE_TESTABILITY = YES;
				GCC_C_LANGUAGE_STANDARD = gnu11;
				GCC_DYNAMIC_NO_PIC = NO;
				GCC_NO_COMMON_BLOCKS = YES;
				GCC_OPTIMIZATION_LEVEL = 0;
				GCC_PREPROCESSOR_DEFINITIONS = (
					"DEBUG=1",
					"$(inherited)",
				);
				GCC_WARN_64_TO_32_BIT_CONVERSION = YES;
				GCC_WARN_ABOUT_RETURN_TYPE = YES_ERROR;
				GCC_WARN_UNDECLARED_SELECTOR = YES;
				GCC_WARN_UNINITIALIZED_AUTOS = YES_AGGRESSIVE;
				GCC_WARN_UNUSED_FUNCTION = YES;
				GCC_WARN_UNUSED_VARIABLE = YES;
				IPHONEOS_DEPLOYMENT_TARGET = 15.5;
				MTL_ENABLE_DEBUG_INFO = INCLUDE_SOURCE;
				MTL_FAST_MATH = YES;
				ONLY_ACTIVE_ARCH = YES;
				SDKROOT = iphoneos;
				SWIFT_ACTIVE_COMPILATION_CONDITIONS = DEBUG;
				SWIFT_OPTIMIZATION_LEVEL = "-Onone";
			};
			name = Debug;
		};
		176459F9283E4EB800EE45BA /* Release */ = {
			isa = XCBuildConfiguration;
			buildSettings = {
				ALWAYS_SEARCH_USER_PATHS = NO;
				CLANG_ANALYZER_NONNULL = YES;
				CLANG_ANALYZER_NUMBER_OBJECT_CONVERSION = YES_AGGRESSIVE;
				CLANG_CXX_LANGUAGE_STANDARD = "gnu++17";
				CLANG_ENABLE_MODULES = YES;
				CLANG_ENABLE_OBJC_ARC = YES;
				CLANG_ENABLE_OBJC_WEAK = YES;
				CLANG_WARN_BLOCK_CAPTURE_AUTORELEASING = YES;
				CLANG_WARN_BOOL_CONVERSION = YES;
				CLANG_WARN_COMMA = YES;
				CLANG_WARN_CONSTANT_CONVERSION = YES;
				CLANG_WARN_DEPRECATED_OBJC_IMPLEMENTATIONS = YES;
				CLANG_WARN_DIRECT_OBJC_ISA_USAGE = YES_ERROR;
				CLANG_WARN_DOCUMENTATION_COMMENTS = YES;
				CLANG_WARN_EMPTY_BODY = YES;
				CLANG_WARN_ENUM_CONVERSION = YES;
				CLANG_WARN_INFINITE_RECURSION = YES;
				CLANG_WARN_INT_CONVERSION = YES;
				CLANG_WARN_NON_LITERAL_NULL_CONVERSION = YES;
				CLANG_WARN_OBJC_IMPLICIT_RETAIN_SELF = YES;
				CLANG_WARN_OBJC_LITERAL_CONVERSION = YES;
				CLANG_WARN_OBJC_ROOT_CLASS = YES_ERROR;
				CLANG_WARN_QUOTED_INCLUDE_IN_FRAMEWORK_HEADER = YES;
				CLANG_WARN_RANGE_LOOP_ANALYSIS = YES;
				CLANG_WARN_STRICT_PROTOTYPES = YES;
				CLANG_WARN_SUSPICIOUS_MOVE = YES;
				CLANG_WARN_UNGUARDED_AVAILABILITY = YES_AGGRESSIVE;
				CLANG_WARN_UNREACHABLE_CODE = YES;
				CLANG_WARN__DUPLICATE_METHOD_MATCH = YES;
				COPY_PHASE_STRIP = NO;
				DEBUG_INFORMATION_FORMAT = "dwarf-with-dsym";
				ENABLE_NS_ASSERTIONS = NO;
				ENABLE_STRICT_OBJC_MSGSEND = YES;
				GCC_C_LANGUAGE_STANDARD = gnu11;
				GCC_NO_COMMON_BLOCKS = YES;
				GCC_WARN_64_TO_32_BIT_CONVERSION = YES;
				GCC_WARN_ABOUT_RETURN_TYPE = YES_ERROR;
				GCC_WARN_UNDECLARED_SELECTOR = YES;
				GCC_WARN_UNINITIALIZED_AUTOS = YES_AGGRESSIVE;
				GCC_WARN_UNUSED_FUNCTION = YES;
				GCC_WARN_UNUSED_VARIABLE = YES;
				IPHONEOS_DEPLOYMENT_TARGET = 15.5;
				MTL_ENABLE_DEBUG_INFO = NO;
				MTL_FAST_MATH = YES;
				SDKROOT = iphoneos;
				SWIFT_COMPILATION_MODE = wholemodule;
				SWIFT_OPTIMIZATION_LEVEL = "-O";
				VALIDATE_PRODUCT = YES;
			};
			name = Release;
		};
		176459FB283E4EB800EE45BA /* Debug */ = {
			isa = XCBuildConfiguration;
			buildSettings = {
				ASSETCATALOG_COMPILER_APPICON_NAME = AppIcon;
				ASSETCATALOG_COMPILER_GLOBAL_ACCENT_COLOR_NAME = AccentColor;
				CODE_SIGN_STYLE = Automatic;
				CURRENT_PROJECT_VERSION = 1;
				GENERATE_INFOPLIST_FILE = YES;
				INFOPLIST_FILE = lit_original_app/Info.plist;
				INFOPLIST_KEY_UIApplicationSupportsIndirectInputEvents = YES;
				INFOPLIST_KEY_UILaunchStoryboardName = LaunchScreen;
				INFOPLIST_KEY_UIMainStoryboardFile = Main;
				INFOPLIST_KEY_UISupportedInterfaceOrientations_iPad = "UIInterfaceOrientationPortrait UIInterfaceOrientationPortraitUpsideDown UIInterfaceOrientationLandscapeLeft UIInterfaceOrientationLandscapeRight";
				INFOPLIST_KEY_UISupportedInterfaceOrientations_iPhone = "UIInterfaceOrientationPortrait UIInterfaceOrientationLandscapeLeft UIInterfaceOrientationLandscapeRight";
				LD_RUNPATH_SEARCH_PATHS = (
					"$(inherited)",
					"@executable_path/Frameworks",
				);
				MARKETING_VERSION = 1.0;
				PRODUCT_BUNDLE_IDENTIFIER = "app.ihara.masa.lit-original-app";
				PRODUCT_NAME = "$(TARGET_NAME)";
				SWIFT_EMIT_LOC_STRINGS = YES;
				SWIFT_VERSION = 5.0;
				TARGETED_DEVICE_FAMILY = "1,2";
			};
			name = Debug;
		};
		176459FC283E4EB800EE45BA /* Release */ = {
			isa = XCBuildConfiguration;
			buildSettings = {
				ASSETCATALOG_COMPILER_APPICON_NAME = AppIcon;
				ASSETCATALOG_COMPILER_GLOBAL_ACCENT_COLOR_NAME = AccentColor;
				CODE_SIGN_STYLE = Automatic;
				CURRENT_PROJECT_VERSION = 1;
				GENERATE_INFOPLIST_FILE = YES;
				INFOPLIST_FILE = lit_original_app/Info.plist;
				INFOPLIST_KEY_UIApplicationSupportsIndirectInputEvents = YES;
				INFOPLIST_KEY_UILaunchStoryboardName = LaunchScreen;
				INFOPLIST_KEY_UIMainStoryboardFile = Main;
				INFOPLIST_KEY_UISupportedInterfaceOrientations_iPad = "UIInterfaceOrientationPortrait UIInterfaceOrientationPortraitUpsideDown UIInterfaceOrientationLandscapeLeft UIInterfaceOrientationLandscapeRight";
				INFOPLIST_KEY_UISupportedInterfaceOrientations_iPhone = "UIInterfaceOrientationPortrait UIInterfaceOrientationLandscapeLeft UIInterfaceOrientationLandscapeRight";
				LD_RUNPATH_SEARCH_PATHS = (
					"$(inherited)",
					"@executable_path/Frameworks",
				);
				MARKETING_VERSION = 1.0;
				PRODUCT_BUNDLE_IDENTIFIER = "app.ihara.masa.lit-original-app";
				PRODUCT_NAME = "$(TARGET_NAME)";
				SWIFT_EMIT_LOC_STRINGS = YES;
				SWIFT_VERSION = 5.0;
				TARGETED_DEVICE_FAMILY = "1,2";
			};
			name = Release;
		};
/* End XCBuildConfiguration section */

/* Begin XCConfigurationList section */
		176459E1283E4EB400EE45BA /* Build configuration list for PBXProject "lit_original_app" */ = {
			isa = XCConfigurationList;
			buildConfigurations = (
				176459F8283E4EB800EE45BA /* Debug */,
				176459F9283E4EB800EE45BA /* Release */,
			);
			defaultConfigurationIsVisible = 0;
			defaultConfigurationName = Release;
		};
		176459FA283E4EB800EE45BA /* Build configuration list for PBXNativeTarget "lit_original_app" */ = {
			isa = XCConfigurationList;
			buildConfigurations = (
				176459FB283E4EB800EE45BA /* Debug */,
				176459FC283E4EB800EE45BA /* Release */,
			);
			defaultConfigurationIsVisible = 0;
			defaultConfigurationName = Release;
		};
/* End XCConfigurationList section */

/* Begin XCRemoteSwiftPackageReference section */
		17FA4B262847689E005E8CF7 /* XCRemoteSwiftPackageReference "firebase-ios-sdk" */ = {
			isa = XCRemoteSwiftPackageReference;
			repositoryURL = "https://github.com/firebase/firebase-ios-sdk.git";
			requirement = {
				kind = upToNextMajorVersion;
				minimumVersion = 9.0.0;
			};
		};
		17FA4B2B28476D3D005E8CF7 /* XCRemoteSwiftPackageReference "PKHUD" */ = {
			isa = XCRemoteSwiftPackageReference;
			repositoryURL = "https://github.com/pkluz/PKHUD.git";
			requirement = {
				kind = upToNextMajorVersion;
				minimumVersion = 5.0.0;
			};
		};
/* End XCRemoteSwiftPackageReference section */

/* Begin XCSwiftPackageProductDependency section */
		17FA4B272847689E005E8CF7 /* FirebaseAuth */ = {
			isa = XCSwiftPackageProductDependency;
			package = 17FA4B262847689E005E8CF7 /* XCRemoteSwiftPackageReference "firebase-ios-sdk" */;
			productName = FirebaseAuth;
		};
		17FA4B292847689E005E8CF7 /* FirebaseFirestore */ = {
			isa = XCSwiftPackageProductDependency;
			package = 17FA4B262847689E005E8CF7 /* XCRemoteSwiftPackageReference "firebase-ios-sdk" */;
			productName = FirebaseFirestore;
		};
		17FA4B2C28476D3D005E8CF7 /* PKHUD */ = {
			isa = XCSwiftPackageProductDependency;
			package = 17FA4B2B28476D3D005E8CF7 /* XCRemoteSwiftPackageReference "PKHUD" */;
			productName = PKHUD;
		};
/* End XCSwiftPackageProductDependency section */
	};
	rootObject = 176459DE283E4EB400EE45BA /* Project object */;
}
